// !$*UTF8*$!
{
	archiveVersion = 1;
	classes = {
	};
	objectVersion = 48;
	objects = {

/* Begin PBXBuildFile section */
		1013BD051FD68C3D003F7DC4 /* AppDelegate.swift in Sources */ = {isa = PBXBuildFile; fileRef = 1013BD041FD68C3D003F7DC4 /* AppDelegate.swift */; };
		1013BD071FD68C3D003F7DC4 /* ViewController.swift in Sources */ = {isa = PBXBuildFile; fileRef = 1013BD061FD68C3D003F7DC4 /* ViewController.swift */; };
		1013BD0A1FD68C3D003F7DC4 /* Main.storyboard in Resources */ = {isa = PBXBuildFile; fileRef = 1013BD081FD68C3D003F7DC4 /* Main.storyboard */; };
		1013BD0D1FD68C3D003F7DC4 /* tell_me_my_location.xcdatamodeld in Sources */ = {isa = PBXBuildFile; fileRef = 1013BD0B1FD68C3D003F7DC4 /* tell_me_my_location.xcdatamodeld */; };
		1013BD0F1FD68C3D003F7DC4 /* Assets.xcassets in Resources */ = {isa = PBXBuildFile; fileRef = 1013BD0E1FD68C3D003F7DC4 /* Assets.xcassets */; };
		1013BD121FD68C3D003F7DC4 /* LaunchScreen.storyboard in Resources */ = {isa = PBXBuildFile; fileRef = 1013BD101FD68C3D003F7DC4 /* LaunchScreen.storyboard */; };
		1013BD1D1FD68C3E003F7DC4 /* tell_me_my_locationTests.swift in Sources */ = {isa = PBXBuildFile; fileRef = 1013BD1C1FD68C3E003F7DC4 /* tell_me_my_locationTests.swift */; };
		1013BD281FD68C3E003F7DC4 /* tell_me_my_locationUITests.swift in Sources */ = {isa = PBXBuildFile; fileRef = 1013BD271FD68C3E003F7DC4 /* tell_me_my_locationUITests.swift */; };
/* End PBXBuildFile section */

/* Begin PBXContainerItemProxy section */
		1013BD191FD68C3E003F7DC4 /* PBXContainerItemProxy */ = {
			isa = PBXContainerItemProxy;
			containerPortal = 1013BCF91FD68C3D003F7DC4 /* Project object */;
			proxyType = 1;
			remoteGlobalIDString = 1013BD001FD68C3D003F7DC4;
			remoteInfo = "tell me my location";
		};
		1013BD241FD68C3E003F7DC4 /* PBXContainerItemProxy */ = {
			isa = PBXContainerItemProxy;
			containerPortal = 1013BCF91FD68C3D003F7DC4 /* Project object */;
			proxyType = 1;
			remoteGlobalIDString = 1013BD001FD68C3D003F7DC4;
			remoteInfo = "tell me my location";
		};
/* End PBXContainerItemProxy section */

/* Begin PBXFileReference section */
		1013BD011FD68C3D003F7DC4 /* tell me my location.app */ = {isa = PBXFileReference; explicitFileType = wrapper.application; includeInIndex = 0; path = "tell me my location.app"; sourceTree = BUILT_PRODUCTS_DIR; };
		1013BD041FD68C3D003F7DC4 /* AppDelegate.swift */ = {isa = PBXFileReference; lastKnownFileType = sourcecode.swift; path = AppDelegate.swift; sourceTree = "<group>"; };
		1013BD061FD68C3D003F7DC4 /* ViewController.swift */ = {isa = PBXFileReference; lastKnownFileType = sourcecode.swift; path = ViewController.swift; sourceTree = "<group>"; };
		1013BD091FD68C3D003F7DC4 /* Base */ = {isa = PBXFileReference; lastKnownFileType = file.storyboard; name = Base; path = Base.lproj/Main.storyboard; sourceTree = "<group>"; };
		1013BD0C1FD68C3D003F7DC4 /* tell_me_my_location.xcdatamodel */ = {isa = PBXFileReference; lastKnownFileType = wrapper.xcdatamodel; path = tell_me_my_location.xcdatamodel; sourceTree = "<group>"; };
		1013BD0E1FD68C3D003F7DC4 /* Assets.xcassets */ = {isa = PBXFileReference; lastKnownFileType = folder.assetcatalog; path = Assets.xcassets; sourceTree = "<group>"; };
		1013BD111FD68C3D003F7DC4 /* Base */ = {isa = PBXFileReference; lastKnownFileType = file.storyboard; name = Base; path = Base.lproj/LaunchScreen.storyboard; sourceTree = "<group>"; };
		1013BD131FD68C3D003F7DC4 /* Info.plist */ = {isa = PBXFileReference; lastKnownFileType = text.plist.xml; path = Info.plist; sourceTree = "<group>"; };
		1013BD181FD68C3E003F7DC4 /* tell me my locationTests.xctest */ = {isa = PBXFileReference; explicitFileType = wrapper.cfbundle; includeInIndex = 0; path = "tell me my locationTests.xctest"; sourceTree = BUILT_PRODUCTS_DIR; };
		1013BD1C1FD68C3E003F7DC4 /* tell_me_my_locationTests.swift */ = {isa = PBXFileReference; lastKnownFileType = sourcecode.swift; path = tell_me_my_locationTests.swift; sourceTree = "<group>"; };
		1013BD1E1FD68C3E003F7DC4 /* Info.plist */ = {isa = PBXFileReference; lastKnownFileType = text.plist.xml; path = Info.plist; sourceTree = "<group>"; };
		1013BD231FD68C3E003F7DC4 /* tell me my locationUITests.xctest */ = {isa = PBXFileReference; explicitFileType = wrapper.cfbundle; includeInIndex = 0; path = "tell me my locationUITests.xctest"; sourceTree = BUILT_PRODUCTS_DIR; };
		1013BD271FD68C3E003F7DC4 /* tell_me_my_locationUITests.swift */ = {isa = PBXFileReference; lastKnownFileType = sourcecode.swift; path = tell_me_my_locationUITests.swift; sourceTree = "<group>"; };
		1013BD291FD68C3E003F7DC4 /* Info.plist */ = {isa = PBXFileReference; lastKnownFileType = text.plist.xml; path = Info.plist; sourceTree = "<group>"; };
/* End PBXFileReference section */

/* Begin PBXFrameworksBuildPhase section */
		1013BCFE1FD68C3D003F7DC4 /* Frameworks */ = {
			isa = PBXFrameworksBuildPhase;
			buildActionMask = 2147483647;
			files = (
			);
			runOnlyForDeploymentPostprocessing = 0;
		};
		1013BD151FD68C3E003F7DC4 /* Frameworks */ = {
			isa = PBXFrameworksBuildPhase;
			buildActionMask = 2147483647;
			files = (
			);
			runOnlyForDeploymentPostprocessing = 0;
		};
		1013BD201FD68C3E003F7DC4 /* Frameworks */ = {
			isa = PBXFrameworksBuildPhase;
			buildActionMask = 2147483647;
			files = (
			);
			runOnlyForDeploymentPostprocessing = 0;
		};
/* End PBXFrameworksBuildPhase section */

/* Begin PBXGroup section */
		1013BCF81FD68C3D003F7DC4 = {
			isa = PBXGroup;
			children = (
				1013BD031FD68C3D003F7DC4 /* tell me my location */,
				1013BD1B1FD68C3E003F7DC4 /* tell me my locationTests */,
				1013BD261FD68C3E003F7DC4 /* tell me my locationUITests */,
				1013BD021FD68C3D003F7DC4 /* Products */,
			);
			sourceTree = "<group>";
		};
		1013BD021FD68C3D003F7DC4 /* Products */ = {
			isa = PBXGroup;
			children = (
				1013BD011FD68C3D003F7DC4 /* tell me my location.app */,
				1013BD181FD68C3E003F7DC4 /* tell me my locationTests.xctest */,
				1013BD231FD68C3E003F7DC4 /* tell me my locationUITests.xctest */,
			);
			name = Products;
			sourceTree = "<group>";
		};
		1013BD031FD68C3D003F7DC4 /* tell me my location */ = {
			isa = PBXGroup;
			children = (
				1013BD041FD68C3D003F7DC4 /* AppDelegate.swift */,
				1013BD061FD68C3D003F7DC4 /* ViewController.swift */,
				1013BD081FD68C3D003F7DC4 /* Main.storyboard */,
				1013BD0E1FD68C3D003F7DC4 /* Assets.xcassets */,
				1013BD101FD68C3D003F7DC4 /* LaunchScreen.storyboard */,
				1013BD131FD68C3D003F7DC4 /* Info.plist */,
				1013BD0B1FD68C3D003F7DC4 /* tell_me_my_location.xcdatamodeld */,
			);
			path = "tell me my location";
			sourceTree = "<group>";
		};
		1013BD1B1FD68C3E003F7DC4 /* tell me my locationTests */ = {
			isa = PBXGroup;
			children = (
				1013BD1C1FD68C3E003F7DC4 /* tell_me_my_locationTests.swift */,
				1013BD1E1FD68C3E003F7DC4 /* Info.plist */,
			);
			path = "tell me my locationTests";
			sourceTree = "<group>";
		};
		1013BD261FD68C3E003F7DC4 /* tell me my locationUITests */ = {
			isa = PBXGroup;
			children = (
				1013BD271FD68C3E003F7DC4 /* tell_me_my_locationUITests.swift */,
				1013BD291FD68C3E003F7DC4 /* Info.plist */,
			);
			path = "tell me my locationUITests";
			sourceTree = "<group>";
		};
/* End PBXGroup section */

/* Begin PBXNativeTarget section */
		1013BD001FD68C3D003F7DC4 /* tell me my location */ = {
			isa = PBXNativeTarget;
			buildConfigurationList = 1013BD2C1FD68C3E003F7DC4 /* Build configuration list for PBXNativeTarget "tell me my location" */;
			buildPhases = (
				1013BCFD1FD68C3D003F7DC4 /* Sources */,
				1013BCFE1FD68C3D003F7DC4 /* Frameworks */,
				1013BCFF1FD68C3D003F7DC4 /* Resources */,
			);
			buildRules = (
			);
			dependencies = (
			);
			name = "tell me my location";
			productName = "tell me my location";
			productReference = 1013BD011FD68C3D003F7DC4 /* tell me my location.app */;
			productType = "com.apple.product-type.application";
		};
		1013BD171FD68C3E003F7DC4 /* tell me my locationTests */ = {
			isa = PBXNativeTarget;
			buildConfigurationList = 1013BD2F1FD68C3E003F7DC4 /* Build configuration list for PBXNativeTarget "tell me my locationTests" */;
			buildPhases = (
				1013BD141FD68C3E003F7DC4 /* Sources */,
				1013BD151FD68C3E003F7DC4 /* Frameworks */,
				1013BD161FD68C3E003F7DC4 /* Resources */,
			);
			buildRules = (
			);
			dependencies = (
				1013BD1A1FD68C3E003F7DC4 /* PBXTargetDependency */,
			);
			name = "tell me my locationTests";
			productName = "tell me my locationTests";
			productReference = 1013BD181FD68C3E003F7DC4 /* tell me my locationTests.xctest */;
			productType = "com.apple.product-type.bundle.unit-test";
		};
		1013BD221FD68C3E003F7DC4 /* tell me my locationUITests */ = {
			isa = PBXNativeTarget;
			buildConfigurationList = 1013BD321FD68C3E003F7DC4 /* Build configuration list for PBXNativeTarget "tell me my locationUITests" */;
			buildPhases = (
				1013BD1F1FD68C3E003F7DC4 /* Sources */,
				1013BD201FD68C3E003F7DC4 /* Frameworks */,
				1013BD211FD68C3E003F7DC4 /* Resources */,
			);
			buildRules = (
			);
			dependencies = (
				1013BD251FD68C3E003F7DC4 /* PBXTargetDependency */,
			);
			name = "tell me my locationUITests";
			productName = "tell me my locationUITests";
			productReference = 1013BD231FD68C3E003F7DC4 /* tell me my locationUITests.xctest */;
			productType = "com.apple.product-type.bundle.ui-testing";
		};
/* End PBXNativeTarget section */

/* Begin PBXProject section */
		1013BCF91FD68C3D003F7DC4 /* Project object */ = {
			isa = PBXProject;
			attributes = {
				LastSwiftUpdateCheck = 0910;
				LastUpgradeCheck = 0910;
				ORGANIZATIONNAME = AsiaQuest.inc;
				TargetAttributes = {
					1013BD001FD68C3D003F7DC4 = {
						CreatedOnToolsVersion = 9.1;
						ProvisioningStyle = Automatic;
					};
					1013BD171FD68C3E003F7DC4 = {
						CreatedOnToolsVersion = 9.1;
						ProvisioningStyle = Automatic;
						TestTargetID = 1013BD001FD68C3D003F7DC4;
					};
					1013BD221FD68C3E003F7DC4 = {
						CreatedOnToolsVersion = 9.1;
						ProvisioningStyle = Automatic;
						TestTargetID = 1013BD001FD68C3D003F7DC4;
					};
				};
			};
			buildConfigurationList = 1013BCFC1FD68C3D003F7DC4 /* Build configuration list for PBXProject "tell me my location" */;
			compatibilityVersion = "Xcode 8.0";
			developmentRegion = en;
			hasScannedForEncodings = 0;
			knownRegions = (
				en,
				Base,
			);
			mainGroup = 1013BCF81FD68C3D003F7DC4;
			productRefGroup = 1013BD021FD68C3D003F7DC4 /* Products */;
			projectDirPath = "";
			projectRoot = "";
			targets = (
				1013BD001FD68C3D003F7DC4 /* tell me my location */,
				1013BD171FD68C3E003F7DC4 /* tell me my locationTests */,
				1013BD221FD68C3E003F7DC4 /* tell me my locationUITests */,
			);
		};
/* End PBXProject section */

/* Begin PBXResourcesBuildPhase section */
		1013BCFF1FD68C3D003F7DC4 /* Resources */ = {
			isa = PBXResourcesBuildPhase;
			buildActionMask = 2147483647;
			files = (
				1013BD121FD68C3D003F7DC4 /* LaunchScreen.storyboard in Resources */,
				1013BD0F1FD68C3D003F7DC4 /* Assets.xcassets in Resources */,
				1013BD0A1FD68C3D003F7DC4 /* Main.storyboard in Resources */,
			);
			runOnlyForDeploymentPostprocessing = 0;
		};
		1013BD161FD68C3E003F7DC4 /* Resources */ = {
			isa = PBXResourcesBuildPhase;
			buildActionMask = 2147483647;
			files = (
			);
			runOnlyForDeploymentPostprocessing = 0;
		};
		1013BD211FD68C3E003F7DC4 /* Resources */ = {
			isa = PBXResourcesBuildPhase;
			buildActionMask = 2147483647;
			files = (
			);
			runOnlyForDeploymentPostprocessing = 0;
		};
/* End PBXResourcesBuildPhase section */

/* Begin PBXSourcesBuildPhase section */
		1013BCFD1FD68C3D003F7DC4 /* Sources */ = {
			isa = PBXSourcesBuildPhase;
			buildActionMask = 2147483647;
			files = (
				1013BD071FD68C3D003F7DC4 /* ViewController.swift in Sources */,
				1013BD051FD68C3D003F7DC4 /* AppDelegate.swift in Sources */,
				1013BD0D1FD68C3D003F7DC4 /* tell_me_my_location.xcdatamodeld in Sources */,
			);
			runOnlyForDeploymentPostprocessing = 0;
		};
		1013BD141FD68C3E003F7DC4 /* Sources */ = {
			isa = PBXSourcesBuildPhase;
			buildActionMask = 2147483647;
			files = (
				1013BD1D1FD68C3E003F7DC4 /* tell_me_my_locationTests.swift in Sources */,
			);
			runOnlyForDeploymentPostprocessing = 0;
		};
		1013BD1F1FD68C3E003F7DC4 /* Sources */ = {
			isa = PBXSourcesBuildPhase;
			buildActionMask = 2147483647;
			files = (
				1013BD281FD68C3E003F7DC4 /* tell_me_my_locationUITests.swift in Sources */,
			);
			runOnlyForDeploymentPostprocessing = 0;
		};
/* End PBXSourcesBuildPhase section */

/* Begin PBXTargetDependency section */
		1013BD1A1FD68C3E003F7DC4 /* PBXTargetDependency */ = {
			isa = PBXTargetDependency;
			target = 1013BD001FD68C3D003F7DC4 /* tell me my location */;
			targetProxy = 1013BD191FD68C3E003F7DC4 /* PBXContainerItemProxy */;
		};
		1013BD251FD68C3E003F7DC4 /* PBXTargetDependency */ = {
			isa = PBXTargetDependency;
			target = 1013BD001FD68C3D003F7DC4 /* tell me my location */;
			targetProxy = 1013BD241FD68C3E003F7DC4 /* PBXContainerItemProxy */;
		};
/* End PBXTargetDependency section */

/* Begin PBXVariantGroup section */
		1013BD081FD68C3D003F7DC4 /* Main.storyboard */ = {
			isa = PBXVariantGroup;
			children = (
				1013BD091FD68C3D003F7DC4 /* Base */,
			);
			name = Main.storyboard;
			sourceTree = "<group>";
		};
		1013BD101FD68C3D003F7DC4 /* LaunchScreen.storyboard */ = {
			isa = PBXVariantGroup;
			children = (
				1013BD111FD68C3D003F7DC4 /* Base */,
			);
			name = LaunchScreen.storyboard;
			sourceTree = "<group>";
		};
/* End PBXVariantGroup section */

/* Begin XCBuildConfiguration section */
		1013BD2A1FD68C3E003F7DC4 /* Debug */ = {
			isa = XCBuildConfiguration;
			buildSettings = {
				ALWAYS_SEARCH_USER_PATHS = NO;
				CLANG_ANALYZER_NONNULL = YES;
				CLANG_ANALYZER_NUMBER_OBJECT_CONVERSION = YES_AGGRESSIVE;
				CLANG_CXX_LANGUAGE_STANDARD = "gnu++14";
				CLANG_CXX_LIBRARY = "libc++";
				CLANG_ENABLE_MODULES = YES;
				CLANG_ENABLE_OBJC_ARC = YES;
				CLANG_WARN_BLOCK_CAPTURE_AUTORELEASING = YES;
				CLANG_WARN_BOOL_CONVERSION = YES;
				CLANG_WARN_COMMA = YES;
				CLANG_WARN_CONSTANT_CONVERSION = YES;
				CLANG_WARN_DIRECT_OBJC_ISA_USAGE = YES_ERROR;
				CLANG_WARN_DOCUMENTATION_COMMENTS = YES;
				CLANG_WARN_EMPTY_BODY = YES;
				CLANG_WARN_ENUM_CONVERSION = YES;
				CLANG_WARN_INFINITE_RECURSION = YES;
				CLANG_WARN_INT_CONVERSION = YES;
				CLANG_WARN_NON_LITERAL_NULL_CONVERSION = YES;
				CLANG_WARN_OBJC_LITERAL_CONVERSION = YES;
				CLANG_WARN_OBJC_ROOT_CLASS = YES_ERROR;
				CLANG_WARN_RANGE_LOOP_ANALYSIS = YES;
				CLANG_WARN_STRICT_PROTOTYPES = YES;
				CLANG_WARN_SUSPICIOUS_MOVE = YES;
				CLANG_WARN_UNGUARDED_AVAILABILITY = YES_AGGRESSIVE;
				CLANG_WARN_UNREACHABLE_CODE = YES;
				CLANG_WARN__DUPLICATE_METHOD_MATCH = YES;
				CODE_SIGN_IDENTITY = "iPhone Developer";
				COPY_PHASE_STRIP = NO;
				DEBUG_INFORMATION_FORMAT = dwarf;
				ENABLE_STRICT_OBJC_MSGSEND = YES;
				ENABLE_TESTABILITY = YES;
				GCC_C_LANGUAGE_STANDARD = gnu11;
				GCC_DYNAMIC_NO_PIC = NO;
				GCC_NO_COMMON_BLOCKS = YES;
				GCC_OPTIMIZATION_LEVEL = 0;
				GCC_PREPROCESSOR_DEFINITIONS = (
					"DEBUG=1",
					"$(inherited)",
				);
				GCC_WARN_64_TO_32_BIT_CONVERSION = YES;
				GCC_WARN_ABOUT_RETURN_TYPE = YES_ERROR;
				GCC_WARN_UNDECLARED_SELECTOR = YES;
				GCC_WARN_UNINITIALIZED_AUTOS = YES_AGGRESSIVE;
				GCC_WARN_UNUSED_FUNCTION = YES;
				GCC_WARN_UNUSED_VARIABLE = YES;
				IPHONEOS_DEPLOYMENT_TARGET = 11.1;
				MTL_ENABLE_DEBUG_INFO = YES;
				ONLY_ACTIVE_ARCH = YES;
				SDKROOT = iphoneos;
				SWIFT_ACTIVE_COMPILATION_CONDITIONS = DEBUG;
				SWIFT_OPTIMIZATION_LEVEL = "-Onone";
			};
			name = Debug;
		};
		1013BD2B1FD68C3E003F7DC4 /* Release */ = {
			isa = XCBuildConfiguration;
			buildSettings = {
				ALWAYS_SEARCH_USER_PATHS = NO;
				CLANG_ANALYZER_NONNULL = YES;
				CLANG_ANALYZER_NUMBER_OBJECT_CONVERSION = YES_AGGRESSIVE;
				CLANG_CXX_LANGUAGE_STANDARD = "gnu++14";
				CLANG_CXX_LIBRARY = "libc++";
				CLANG_ENABLE_MODULES = YES;
				CLANG_ENABLE_OBJC_ARC = YES;
				CLANG_WARN_BLOCK_CAPTURE_AUTORELEASING = YES;
				CLANG_WARN_BOOL_CONVERSION = YES;
				CLANG_WARN_COMMA = YES;
				CLANG_WARN_CONSTANT_CONVERSION = YES;
				CLANG_WARN_DIRECT_OBJC_ISA_USAGE = YES_ERROR;
				CLANG_WARN_DOCUMENTATION_COMMENTS = YES;
				CLANG_WARN_EMPTY_BODY = YES;
				CLANG_WARN_ENUM_CONVERSION = YES;
				CLANG_WARN_INFINITE_RECURSION = YES;
				CLANG_WARN_INT_CONVERSION = YES;
				CLANG_WARN_NON_LITERAL_NULL_CONVERSION = YES;
				CLANG_WARN_OBJC_LITERAL_CONVERSION = YES;
				CLANG_WARN_OBJC_ROOT_CLASS = YES_ERROR;
				CLANG_WARN_RANGE_LOOP_ANALYSIS = YES;
				CLANG_WARN_STRICT_PROTOTYPES = YES;
				CLANG_WARN_SUSPICIOUS_MOVE = YES;
				CLANG_WARN_UNGUARDED_AVAILABILITY = YES_AGGRESSIVE;
				CLANG_WARN_UNREACHABLE_CODE = YES;
				CLANG_WARN__DUPLICATE_METHOD_MATCH = YES;
				CODE_SIGN_IDENTITY = "iPhone Developer";
				COPY_PHASE_STRIP = NO;
				DEBUG_INFORMATION_FORMAT = "dwarf-with-dsym";
				ENABLE_NS_ASSERTIONS = NO;
				ENABLE_STRICT_OBJC_MSGSEND = YES;
				GCC_C_LANGUAGE_STANDARD = gnu11;
				GCC_NO_COMMON_BLOCKS = YES;
				GCC_WARN_64_TO_32_BIT_CONVERSION = YES;
				GCC_WARN_ABOUT_RETURN_TYPE = YES_ERROR;
				GCC_WARN_UNDECLARED_SELECTOR = YES;
				GCC_WARN_UNINITIALIZED_AUTOS = YES_AGGRESSIVE;
				GCC_WARN_UNUSED_FUNCTION = YES;
				GCC_WARN_UNUSED_VARIABLE = YES;
				IPHONEOS_DEPLOYMENT_TARGET = 11.1;
				MTL_ENABLE_DEBUG_INFO = NO;
				SDKROOT = iphoneos;
				SWIFT_OPTIMIZATION_LEVEL = "-Owholemodule";
				VALIDATE_PRODUCT = YES;
			};
			name = Release;
		};
		1013BD2D1FD68C3E003F7DC4 /* Debug */ = {
			isa = XCBuildConfiguration;
			buildSettings = {
				ASSETCATALOG_COMPILER_APPICON_NAME = AppIcon;
				CODE_SIGN_STYLE = Automatic;
				DEVELOPMENT_TEAM = X22RE9WH2T;
				INFOPLIST_FILE = "tell me my location/Info.plist";
				IPHONEOS_DEPLOYMENT_TARGET = 10.0;
				LD_RUNPATH_SEARCH_PATHS = "$(inherited) @executable_path/Frameworks";
				PRODUCT_BUNDLE_IDENTIFIER = "inc.AsiaQuest.tell-me-my-location";
				PRODUCT_NAME = "$(TARGET_NAME)";
				SWIFT_VERSION = 4.0;
				TARGETED_DEVICE_FAMILY = "1,2";
			};
			name = Debug;
		};
		1013BD2E1FD68C3E003F7DC4 /* Release */ = {
			isa = XCBuildConfiguration;
			buildSettings = {
				ASSETCATALOG_COMPILER_APPICON_NAME = AppIcon;
				CODE_SIGN_STYLE = Automatic;
				DEVELOPMENT_TEAM = X22RE9WH2T;
				INFOPLIST_FILE = "tell me my location/Info.plist";
				IPHONEOS_DEPLOYMENT_TARGET = 10.0;
				LD_RUNPATH_SEARCH_PATHS = "$(inherited) @executable_path/Frameworks";
				PRODUCT_BUNDLE_IDENTIFIER = "inc.AsiaQuest.tell-me-my-location";
				PRODUCT_NAME = "$(TARGET_NAME)";
				SWIFT_VERSION = 4.0;
				TARGETED_DEVICE_FAMILY = "1,2";
			};
			name = Release;
		};
		1013BD301FD68C3E003F7DC4 /* Debug */ = {
			isa = XCBuildConfiguration;
			buildSettings = {
				ALWAYS_EMBED_SWIFT_STANDARD_LIBRARIES = YES;
				BUNDLE_LOADER = "$(TEST_HOST)";
				CODE_SIGN_STYLE = Automatic;
				DEVELOPMENT_TEAM = X22RE9WH2T;
				INFOPLIST_FILE = "tell me my locationTests/Info.plist";
				LD_RUNPATH_SEARCH_PATHS = "$(inherited) @executable_path/Frameworks @loader_path/Frameworks";
				PRODUCT_BUNDLE_IDENTIFIER = "inc.AsiaQuest.tell-me-my-locationTests";
				PRODUCT_NAME = "$(TARGET_NAME)";
				SWIFT_VERSION = 4.0;
				TARGETED_DEVICE_FAMILY = "1,2";
				TEST_HOST = "$(BUILT_PRODUCTS_DIR)/tell me my location.app/tell me my location";
			};
			name = Debug;
		};
		1013BD311FD68C3E003F7DC4 /* Release */ = {
			isa = XCBuildConfiguration;
			buildSettings = {
				ALWAYS_EMBED_SWIFT_STANDARD_LIBRARIES = YES;
				BUNDLE_LOADER = "$(TEST_HOST)";
				CODE_SIGN_STYLE = Automatic;
				DEVELOPMENT_TEAM = X22RE9WH2T;
				INFOPLIST_FILE = "tell me my locationTests/Info.plist";
				LD_RUNPATH_SEARCH_PATHS = "$(inherited) @executable_path/Frameworks @loader_path/Frameworks";
				PRODUCT_BUNDLE_IDENTIFIER = "inc.AsiaQuest.tell-me-my-locationTests";
				PRODUCT_NAME = "$(TARGET_NAME)";
				SWIFT_VERSION = 4.0;
				TARGETED_DEVICE_FAMILY = "1,2";
				TEST_HOST = "$(BUILT_PRODUCTS_DIR)/tell me my location.app/tell me my location";
			};
			name = Release;
		};
		1013BD331FD68C3E003F7DC4 /* Debug */ = {
			isa = XCBuildConfiguration;
			buildSettings = {
				ALWAYS_EMBED_SWIFT_STANDARD_LIBRARIES = YES;
				CODE_SIGN_STYLE = Automatic;
				DEVELOPMENT_TEAM = X22RE9WH2T;
				INFOPLIST_FILE = "tell me my locationUITests/Info.plist";
				LD_RUNPATH_SEARCH_PATHS = "$(inherited) @executable_path/Frameworks @loader_path/Frameworks";
				PRODUCT_BUNDLE_IDENTIFIER = "inc.AsiaQuest.tell-me-my-locationUITests";
				PRODUCT_NAME = "$(TARGET_NAME)";
				SWIFT_VERSION = 4.0;
				TARGETED_DEVICE_FAMILY = "1,2";
				TEST_TARGET_NAME = "tell me my location";
			};
			name = Debug;
		};
		1013BD341FD68C3E003F7DC4 /* Release */ = {
			isa = XCBuildConfiguration;
			buildSettings = {
				ALWAYS_EMBED_SWIFT_STANDARD_LIBRARIES = YES;
				CODE_SIGN_STYLE = Automatic;
				DEVELOPMENT_TEAM = X22RE9WH2T;
				INFOPLIST_FILE = "tell me my locationUITests/Info.plist";
				LD_RUNPATH_SEARCH_PATHS = "$(inherited) @executable_path/Frameworks @loader_path/Frameworks";
				PRODUCT_BUNDLE_IDENTIFIER = "inc.AsiaQuest.tell-me-my-locationUITests";
				PRODUCT_NAME = "$(TARGET_NAME)";
				SWIFT_VERSION = 4.0;
				TARGETED_DEVICE_FAMILY = "1,2";
				TEST_TARGET_NAME = "tell me my location";
			};
			name = Release;
		};
/* End XCBuildConfiguration section */

/* Begin XCConfigurationList section */
		1013BCFC1FD68C3D003F7DC4 /* Build configuration list for PBXProject "tell me my location" */ = {
			isa = XCConfigurationList;
			buildConfigurations = (
				1013BD2A1FD68C3E003F7DC4 /* Debug */,
				1013BD2B1FD68C3E003F7DC4 /* Release */,
			);
			defaultConfigurationIsVisible = 0;
			defaultConfigurationName = Release;
		};
		1013BD2C1FD68C3E003F7DC4 /* Build configuration list for PBXNativeTarget "tell me my location" */ = {
			isa = XCConfigurationList;
			buildConfigurations = (
				1013BD2D1FD68C3E003F7DC4 /* Debug */,
				1013BD2E1FD68C3E003F7DC4 /* Release */,
			);
			defaultConfigurationIsVisible = 0;
			defaultConfigurationName = Release;
		};
		1013BD2F1FD68C3E003F7DC4 /* Build configuration list for PBXNativeTarget "tell me my locationTests" */ = {
			isa = XCConfigurationList;
			buildConfigurations = (
				1013BD301FD68C3E003F7DC4 /* Debug */,
				1013BD311FD68C3E003F7DC4 /* Release */,
			);
			defaultConfigurationIsVisible = 0;
			defaultConfigurationName = Release;
		};
		1013BD321FD68C3E003F7DC4 /* Build configuration list for PBXNativeTarget "tell me my locationUITests" */ = {
			isa = XCConfigurationList;
			buildConfigurations = (
				1013BD331FD68C3E003F7DC4 /* Debug */,
				1013BD341FD68C3E003F7DC4 /* Release */,
			);
			defaultConfigurationIsVisible = 0;
			defaultConfigurationName = Release;
		};
/* End XCConfigurationList section */

/* Begin XCVersionGroup section */
		1013BD0B1FD68C3D003F7DC4 /* tell_me_my_location.xcdatamodeld */ = {
			isa = XCVersionGroup;
			children = (
				1013BD0C1FD68C3D003F7DC4 /* tell_me_my_location.xcdatamodel */,
			);
			currentVersion = 1013BD0C1FD68C3D003F7DC4 /* tell_me_my_location.xcdatamodel */;
			path = tell_me_my_location.xcdatamodeld;
			sourceTree = "<group>";
			versionGroupType = wrapper.xcdatamodel;
		};
/* End XCVersionGroup section */
	};
	rootObject = 1013BCF91FD68C3D003F7DC4 /* Project object */;
}
